
Microsoft Visual Studio Solution File, Format Version 12.00
# Visual Studio 2012
Project("{8BC9CEB8-8B4A-11D0-8D11-00A0C91BC942}") = "NppPluginDemo", "NppPluginDemo\NppPluginDemo.vcxproj", "{1590D7CD-7D3A-4AB7-A355-EE02F7FB987D}"
EndProject
Project("{8BC9CEB8-8B4A-11D0-8D11-00A0C91BC942}") = "GOnpp", "GOnpp\GOnpp.vcxproj", "{F51EF36E-0275-409D-AEDA-BB9B77E7C639}"
EndProject
Global
	GlobalSection(SolutionConfigurationPlatforms) = preSolution
		ANSI Debug|Win32 = ANSI Debug|Win32
		ANSI Release|Win32 = ANSI Release|Win32
		Debug|Win32 = Debug|Win32
		Release|Win32 = Release|Win32
		Unicode Debug|Win32 = Unicode Debug|Win32
		Unicode Realease|Win32 = Unicode Realease|Win32
	EndGlobalSection
	GlobalSection(ProjectConfigurationPlatforms) = postSolution
		{1590D7CD-7D3A-4AB7-A355-EE02F7FB987D}.ANSI Debug|Win32.ActiveCfg = ANSI Debug|Win32
		{1590D7CD-7D3A-4AB7-A355-EE02F7FB987D}.ANSI Release|Win32.ActiveCfg = ANSI Release|Win32
		{1590D7CD-7D3A-4AB7-A355-EE02F7FB987D}.Debug|Win32.ActiveCfg = ANSI Debug|Win32
		{1590D7CD-7D3A-4AB7-A355-EE02F7FB987D}.Release|Win32.ActiveCfg = ANSI Release|Win32
		{1590D7CD-7D3A-4AB7-A355-EE02F7FB987D}.Unicode Debug|Win32.ActiveCfg = Unicode Debug|Win32
		{1590D7CD-7D3A-4AB7-A355-EE02F7FB987D}.Unicode Debug|Win32.Build.0 = Unicode Debug|Win32
		{1590D7CD-7D3A-4AB7-A355-EE02F7FB987D}.Unicode Realease|Win32.ActiveCfg = Unicode Realease|Win32
		{F51EF36E-0275-409D-AEDA-BB9B77E7C639}.ANSI Debug|Win32.ActiveCfg = ANSI Debug|Win32
		{F51EF36E-0275-409D-AEDA-BB9B77E7C639}.ANSI Debug|Win32.Build.0 = ANSI Debug|Win32
		{F51EF36E-0275-409D-AEDA-BB9B77E7C639}.ANSI Release|Win32.ActiveCfg = ANSI Release|Win32
		{F51EF36E-0275-409D-AEDA-BB9B77E7C639}.ANSI Release|Win32.Build.0 = ANSI Release|Win32
		{F51EF36E-0275-409D-AEDA-BB9B77E7C639}.Debug|Win32.ActiveCfg = ANSI Debug|Win32
		{F51EF36E-0275-409D-AEDA-BB9B77E7C639}.Debug|Win32.Build.0 = ANSI Debug|Win32
		{F51EF36E-0275-409D-AEDA-BB9B77E7C639}.Release|Win32.ActiveCfg = ANSI Release|Win32
		{F51EF36E-0275-409D-AEDA-BB9B77E7C639}.Release|Win32.Build.0 = ANSI Release|Win32
		{F51EF36E-0275-409D-AEDA-BB9B77E7C639}.Unicode Debug|Win32.ActiveCfg = Unicode Debug|Win32
		{F51EF36E-0275-409D-AEDA-BB9B77E7C639}.Unicode Debug|Win32.Build.0 = Unicode Debug|Win32
		{F51EF36E-0275-409D-AEDA-BB9B77E7C639}.Unicode Realease|Win32.ActiveCfg = Unicode Realease|Win32
		{F51EF36E-0275-409D-AEDA-BB9B77E7C639}.Unicode Realease|Win32.Build.0 = Unicode Realease|Win32
	EndGlobalSection
	GlobalSection(SolutionProperties) = preSolution
		HideSolutionNode = FALSE
	EndGlobalSection
EndGlobal
